speakeasyVersion: 1.621.1
sources:
    Stirling PDF - Processing API:
        sourceNamespace: stirling-pdf---processing-api
        sourceRevisionDigest: sha256:9ae454f8df34026bd58c7cb1e7366e94a95bd0583f914bbdb36b406df85ee248
        sourceBlobDigest: sha256:ed75bb24d6eecd65e94f1f204fbee6ab495f900c10558c2718217113c11fe6af
        tags:
            - latest
            - 1.0.1
targets:
    stirling-pdf:
        source: Stirling PDF - Processing API
        sourceNamespace: stirling-pdf---processing-api
        sourceRevisionDigest: sha256:9ae454f8df34026bd58c7cb1e7366e94a95bd0583f914bbdb36b406df85ee248
        sourceBlobDigest: sha256:ed75bb24d6eecd65e94f1f204fbee6ab495f900c10558c2718217113c11fe6af
        codeSamplesNamespace: stirling-pdf---processing-api-java-code-samples
        codeSamplesRevisionDigest: sha256:2f21dff8866f58c4d59774c1ebbafe5f3971256075c5ab3ce5119f0473f0ba55
workflow:
    workflowVersion: 1.0.0
    speakeasyVersion: latest
    sources:
        Stirling PDF - Processing API:
            inputs:
                - location: api.yml
            output: .speakeasy/out.openapi.yaml
            registry:
                location: registry.speakeasyapi.dev/stirling-pdf/stirling/stirling-pdf---processing-api
    targets:
        stirling-pdf:
            target: java
            source: Stirling PDF - Processing API
            codeSamples:
                registry:
                    location: registry.speakeasyapi.dev/stirling-pdf/stirling/stirling-pdf---processing-api-java-code-samples
                labelOverride:
                    fixedValue: Java (SDK)
                blocking: false
