speakeasyVersion: 1.621.0
sources:
    Stirling PDF - Processing API:
        sourceNamespace: stirling-pdf---processing-api
        sourceRevisionDigest: sha256:fe0f6ad4a80473c0b01b2d5258991882aa244c3d933ea77138a4e673a7da3d18
        sourceBlobDigest: sha256:3294ce5837152814eb78ec3bdd2caeb4779ec80ddecc48a1234a53c46c03c963
        tags:
            - latest
            - 1.0.0
targets:
    stirling-pdf:
        source: Stirling PDF - Processing API
        sourceNamespace: stirling-pdf---processing-api
        sourceRevisionDigest: sha256:fe0f6ad4a80473c0b01b2d5258991882aa244c3d933ea77138a4e673a7da3d18
        sourceBlobDigest: sha256:3294ce5837152814eb78ec3bdd2caeb4779ec80ddecc48a1234a53c46c03c963
        codeSamplesNamespace: stirling-pdf---processing-api-java-code-samples
        codeSamplesRevisionDigest: sha256:d4be9be2d9daaa9710b572b981cb71a833d1f4944e8483fd21a96805720a50f8
workflow:
    workflowVersion: 1.0.0
    speakeasyVersion: latest
    sources:
        Stirling PDF - Processing API:
            inputs:
                - location: https://raw.githubusercontent.com/Stirling-Tools/Stirling-PDF/refs/heads/testDElteme/pdftools.yml
                - location: api.yml
            output: .speakeasy/out.openapi.yaml
            registry:
                location: registry.speakeasyapi.dev/stirling-pdf/stirling/stirling-pdf---processing-api
    targets:
        stirling-pdf:
            target: java
            source: Stirling PDF - Processing API
            codeSamples:
                registry:
                    location: registry.speakeasyapi.dev/stirling-pdf/stirling/stirling-pdf---processing-api-java-code-samples
                labelOverride:
                    fixedValue: Java (SDK)
                blocking: false
