speakeasyVersion: 1.621.0
sources:
    Stirling PDF - Processing API:
        sourceNamespace: stirling-pdf---processing-api
        sourceRevisionDigest: sha256:005edac2582acba32672ceffb033fb8898e3d2300cee2ef5fbd81d718a0f7ffc
        sourceBlobDigest: sha256:4b7a6d6821424a998f4fe122a745e44bd259f702970df9bafbe33bd9cf62f956
        tags:
            - latest
            - speakeasy-sdk-regen-1758287404
            - 1.0.0
targets:
    stirling-pdf:
        source: Stirling PDF - Processing API
        sourceNamespace: stirling-pdf---processing-api
        sourceRevisionDigest: sha256:005edac2582acba32672ceffb033fb8898e3d2300cee2ef5fbd81d718a0f7ffc
        sourceBlobDigest: sha256:4b7a6d6821424a998f4fe122a745e44bd259f702970df9bafbe33bd9cf62f956
        codeSamplesNamespace: stirling-pdf---processing-api-java-code-samples
        codeSamplesRevisionDigest: sha256:8e16802f52c97cf99f3d606a7f37311aff3afa66249b4de1700cd2b1a9e43517
workflow:
    workflowVersion: 1.0.0
    speakeasyVersion: latest
    sources:
        Stirling PDF - Processing API:
            inputs:
                - location: api.yml
            output: .speakeasy/out.openapi.yaml
            registry:
                location: registry.speakeasyapi.dev/stirling-pdf/stirling/stirling-pdf---processing-api
    targets:
        stirling-pdf:
            target: java
            source: Stirling PDF - Processing API
            codeSamples:
                registry:
                    location: registry.speakeasyapi.dev/stirling-pdf/stirling/stirling-pdf---processing-api-java-code-samples
                labelOverride:
                    fixedValue: Java (SDK)
                blocking: false
